// !$*UTF8*$!
{
	archiveVersion = 1;
	classes = {
	};
	objectVersion = 56;
	objects = {

/* Begin PBXBuildFile section */
		0B321279A205A48ACE033120 /* Pods_AM_Site_Solutions.framework in Frameworks */ = {isa = PBXBuildFile; fileRef = 1A73009EC578DC48085DC8A2 /* Pods_AM_Site_Solutions.framework */; };
		F63957262C878F4A00069BA7 /* LoginViewController.swift in Sources */ = {isa = PBXBuildFile; fileRef = F63957252C878F4A00069BA7 /* LoginViewController.swift */; };
		F63957282C8791D600069BA7 /* MainTabBarController.swift in Sources */ = {isa = PBXBuildFile; fileRef = F63957272C8791D600069BA7 /* MainTabBarController.swift */; };
		F639572A2C8791FC00069BA7 /* SettingsViewController.swift in Sources */ = {isa = PBXBuildFile; fileRef = F63957292C8791FC00069BA7 /* SettingsViewController.swift */; };
		F639572C2C879DFF00069BA7 /* OperatorViewController.swift in Sources */ = {isa = PBXBuildFile; fileRef = F639572B2C879DFF00069BA7 /* OperatorViewController.swift */; };
		F639572E2C87A03A00069BA7 /* FormViewController.swift in Sources */ = {isa = PBXBuildFile; fileRef = F639572D2C87A03A00069BA7 /* FormViewController.swift */; };
		F63957302C87A05D00069BA7 /* CustomButton.swift in Sources */ = {isa = PBXBuildFile; fileRef = F639572F2C87A05D00069BA7 /* CustomButton.swift */; };
		F63957322C87A08400069BA7 /* InputQuestionView.swift in Sources */ = {isa = PBXBuildFile; fileRef = F63957312C87A08400069BA7 /* InputQuestionView.swift */; };
		F63957342C87A0A400069BA7 /* OkNotOkView.swift in Sources */ = {isa = PBXBuildFile; fileRef = F63957332C87A0A400069BA7 /* OkNotOkView.swift */; };
		F63957362C87A0CB00069BA7 /* CustomRadioButton.swift in Sources */ = {isa = PBXBuildFile; fileRef = F63957352C87A0CB00069BA7 /* CustomRadioButton.swift */; };
		F639573F2C8843B700069BA7 /* CustomTextField.swift in Sources */ = {isa = PBXBuildFile; fileRef = F639573E2C8843B700069BA7 /* CustomTextField.swift */; };
		F63957412C88442000069BA7 /* CustomPickerView.swift in Sources */ = {isa = PBXBuildFile; fileRef = F63957402C88442000069BA7 /* CustomPickerView.swift */; };
		F63957432C88465A00069BA7 /* CreateNewUserViewController.swift in Sources */ = {isa = PBXBuildFile; fileRef = F63957422C88465A00069BA7 /* CreateNewUserViewController.swift */; };
		F63957452C885C0E00069BA7 /* ManageUsersViewController.swift in Sources */ = {isa = PBXBuildFile; fileRef = F63957442C885C0D00069BA7 /* ManageUsersViewController.swift */; };
		F63957472C88868300069BA7 /* TimesheetViewController.swift in Sources */ = {isa = PBXBuildFile; fileRef = F63957462C88868300069BA7 /* TimesheetViewController.swift */; };
		F63957492C88D82C00069BA7 /* TimesheetEntryCell.swift in Sources */ = {isa = PBXBuildFile; fileRef = F63957482C88D82C00069BA7 /* TimesheetEntryCell.swift */; };
		F665F9A32CAD83BA0021BA3D /* GoogleService-Info.plist in Resources */ = {isa = PBXBuildFile; fileRef = F665F9A22CAD83BA0021BA3D /* GoogleService-Info.plist */; };
		F69AAA272C87844D0082A14E /* AppDelegate.swift in Sources */ = {isa = PBXBuildFile; fileRef = F69AAA262C87844D0082A14E /* AppDelegate.swift */; };
		F69AAA292C87844D0082A14E /* SceneDelegate.swift in Sources */ = {isa = PBXBuildFile; fileRef = F69AAA282C87844D0082A14E /* SceneDelegate.swift */; };
		F69AAA2B2C87844D0082A14E /* ViewController.swift in Sources */ = {isa = PBXBuildFile; fileRef = F69AAA2A2C87844D0082A14E /* ViewController.swift */; };
		F69AAA2E2C87844D0082A14E /* Base in Resources */ = {isa = PBXBuildFile; fileRef = F69AAA2D2C87844D0082A14E /* Base */; };
		F69AAA302C87844F0082A14E /* Assets.xcassets in Resources */ = {isa = PBXBuildFile; fileRef = F69AAA2F2C87844F0082A14E /* Assets.xcassets */; };
		F69AAA332C87844F0082A14E /* Base in Resources */ = {isa = PBXBuildFile; fileRef = F69AAA322C87844F0082A14E /* Base */; };
		F69AAA3B2C8784D20082A14E /* OperatorVC.swift in Sources */ = {isa = PBXBuildFile; fileRef = F69AAA3A2C8784D20082A14E /* OperatorVC.swift */; };
		F69AAA3D2C8785010082A14E /* Form.swift in Sources */ = {isa = PBXBuildFile; fileRef = F69AAA3C2C8785010082A14E /* Form.swift */; };
		F69AAA3F2C8785550082A14E /* FormCell.swift in Sources */ = {isa = PBXBuildFile; fileRef = F69AAA3E2C8785550082A14E /* FormCell.swift */; };
		F69AAA412C8785930082A14E /* ColourScheme.swift in Sources */ = {isa = PBXBuildFile; fileRef = F69AAA402C8785930082A14E /* ColourScheme.swift */; };
/* End PBXBuildFile section */

/* Begin PBXFileReference section */
		1A73009EC578DC48085DC8A2 /* Pods_AM_Site_Solutions.framework */ = {isa = PBXFileReference; explicitFileType = wrapper.framework; includeInIndex = 0; path = Pods_AM_Site_Solutions.framework; sourceTree = BUILT_PRODUCTS_DIR; };
		B1A663A2FA9FA222D6B3BF75 /* Pods-AM Site Solutions.debug.xcconfig */ = {isa = PBXFileReference; includeInIndex = 1; lastKnownFileType = text.xcconfig; name = "Pods-AM Site Solutions.debug.xcconfig"; path = "Target Support Files/Pods-AM Site Solutions/Pods-AM Site Solutions.debug.xcconfig"; sourceTree = "<group>"; };
		E8E68F1517164991ED47B5FB /* Pods-AM Site Solutions.release.xcconfig */ = {isa = PBXFileReference; includeInIndex = 1; lastKnownFileType = text.xcconfig; name = "Pods-AM Site Solutions.release.xcconfig"; path = "Target Support Files/Pods-AM Site Solutions/Pods-AM Site Solutions.release.xcconfig"; sourceTree = "<group>"; };
		F63957252C878F4A00069BA7 /* LoginViewController.swift */ = {isa = PBXFileReference; lastKnownFileType = sourcecode.swift; path = LoginViewController.swift; sourceTree = "<group>"; };
		F63957272C8791D600069BA7 /* MainTabBarController.swift */ = {isa = PBXFileReference; lastKnownFileType = sourcecode.swift; path = MainTabBarController.swift; sourceTree = "<group>"; };
		F63957292C8791FC00069BA7 /* SettingsViewController.swift */ = {isa = PBXFileReference; lastKnownFileType = sourcecode.swift; path = SettingsViewController.swift; sourceTree = "<group>"; };
		F639572B2C879DFF00069BA7 /* OperatorViewController.swift */ = {isa = PBXFileReference; lastKnownFileType = sourcecode.swift; path = OperatorViewController.swift; sourceTree = "<group>"; };
		F639572D2C87A03A00069BA7 /* FormViewController.swift */ = {isa = PBXFileReference; lastKnownFileType = sourcecode.swift; path = FormViewController.swift; sourceTree = "<group>"; };
		F639572F2C87A05D00069BA7 /* CustomButton.swift */ = {isa = PBXFileReference; lastKnownFileType = sourcecode.swift; path = CustomButton.swift; sourceTree = "<group>"; };
		F63957312C87A08400069BA7 /* InputQuestionView.swift */ = {isa = PBXFileReference; lastKnownFileType = sourcecode.swift; path = InputQuestionView.swift; sourceTree = "<group>"; };
		F63957332C87A0A400069BA7 /* OkNotOkView.swift */ = {isa = PBXFileReference; lastKnownFileType = sourcecode.swift; path = OkNotOkView.swift; sourceTree = "<group>"; };
		F63957352C87A0CB00069BA7 /* CustomRadioButton.swift */ = {isa = PBXFileReference; lastKnownFileType = sourcecode.swift; path = CustomRadioButton.swift; sourceTree = "<group>"; };
		F639573E2C8843B700069BA7 /* CustomTextField.swift */ = {isa = PBXFileReference; lastKnownFileType = sourcecode.swift; path = CustomTextField.swift; sourceTree = "<group>"; };
		F63957402C88442000069BA7 /* CustomPickerView.swift */ = {isa = PBXFileReference; lastKnownFileType = sourcecode.swift; path = CustomPickerView.swift; sourceTree = "<group>"; };
		F63957422C88465A00069BA7 /* CreateNewUserViewController.swift */ = {isa = PBXFileReference; lastKnownFileType = sourcecode.swift; path = CreateNewUserViewController.swift; sourceTree = "<group>"; };
		F63957442C885C0D00069BA7 /* ManageUsersViewController.swift */ = {isa = PBXFileReference; lastKnownFileType = sourcecode.swift; path = ManageUsersViewController.swift; sourceTree = "<group>"; };
		F63957462C88868300069BA7 /* TimesheetViewController.swift */ = {isa = PBXFileReference; lastKnownFileType = sourcecode.swift; path = TimesheetViewController.swift; sourceTree = "<group>"; };
		F63957482C88D82C00069BA7 /* TimesheetEntryCell.swift */ = {isa = PBXFileReference; lastKnownFileType = sourcecode.swift; path = TimesheetEntryCell.swift; sourceTree = "<group>"; };
		F665F99D2CAC3AE50021BA3D /* AM Site Solutions.entitlements */ = {isa = PBXFileReference; lastKnownFileType = text.plist.entitlements; path = "AM Site Solutions.entitlements"; sourceTree = "<group>"; };
		F665F9A22CAD83BA0021BA3D /* GoogleService-Info.plist */ = {isa = PBXFileReference; lastKnownFileType = text.plist.xml; path = "GoogleService-Info.plist"; sourceTree = "<group>"; };
		F69AAA232C87844D0082A14E /* AM Site Solutions.app */ = {isa = PBXFileReference; explicitFileType = wrapper.application; includeInIndex = 0; path = "AM Site Solutions.app"; sourceTree = BUILT_PRODUCTS_DIR; };
		F69AAA262C87844D0082A14E /* AppDelegate.swift */ = {isa = PBXFileReference; lastKnownFileType = sourcecode.swift; path = AppDelegate.swift; sourceTree = "<group>"; };
		F69AAA282C87844D0082A14E /* SceneDelegate.swift */ = {isa = PBXFileReference; lastKnownFileType = sourcecode.swift; path = SceneDelegate.swift; sourceTree = "<group>"; };
		F69AAA2A2C87844D0082A14E /* ViewController.swift */ = {isa = PBXFileReference; lastKnownFileType = sourcecode.swift; path = ViewController.swift; sourceTree = "<group>"; };
		F69AAA2D2C87844D0082A14E /* Base */ = {isa = PBXFileReference; lastKnownFileType = file.storyboard; name = Base; path = Base.lproj/Main.storyboard; sourceTree = "<group>"; };
		F69AAA2F2C87844F0082A14E /* Assets.xcassets */ = {isa = PBXFileReference; lastKnownFileType = folder.assetcatalog; path = Assets.xcassets; sourceTree = "<group>"; };
		F69AAA322C87844F0082A14E /* Base */ = {isa = PBXFileReference; lastKnownFileType = file.storyboard; name = Base; path = Base.lproj/LaunchScreen.storyboard; sourceTree = "<group>"; };
		F69AAA342C87844F0082A14E /* Info.plist */ = {isa = PBXFileReference; lastKnownFileType = text.plist.xml; path = Info.plist; sourceTree = "<group>"; };
		F69AAA3A2C8784D20082A14E /* OperatorVC.swift */ = {isa = PBXFileReference; lastKnownFileType = sourcecode.swift; path = OperatorVC.swift; sourceTree = "<group>"; };
		F69AAA3C2C8785010082A14E /* Form.swift */ = {isa = PBXFileReference; lastKnownFileType = sourcecode.swift; path = Form.swift; sourceTree = "<group>"; };
		F69AAA3E2C8785550082A14E /* FormCell.swift */ = {isa = PBXFileReference; lastKnownFileType = sourcecode.swift; path = FormCell.swift; sourceTree = "<group>"; };
		F69AAA402C8785930082A14E /* ColourScheme.swift */ = {isa = PBXFileReference; lastKnownFileType = sourcecode.swift; path = ColourScheme.swift; sourceTree = "<group>"; };
/* End PBXFileReference section */

/* Begin PBXFrameworksBuildPhase section */
		F69AAA202C87844D0082A14E /* Frameworks */ = {
			isa = PBXFrameworksBuildPhase;
			buildActionMask = 2147483647;
			files = (
				0B321279A205A48ACE033120 /* Pods_AM_Site_Solutions.framework in Frameworks */,
			);
			runOnlyForDeploymentPostprocessing = 0;
		};
/* End PBXFrameworksBuildPhase section */

/* Begin PBXGroup section */
		3B9280925AB3B276F9DCE417 /* Frameworks */ = {
			isa = PBXGroup;
			children = (
				1A73009EC578DC48085DC8A2 /* Pods_AM_Site_Solutions.framework */,
			);
			name = Frameworks;
			sourceTree = "<group>";
		};
		8DE939F8EEACD4A6710769DD /* Pods */ = {
			isa = PBXGroup;
			children = (
				B1A663A2FA9FA222D6B3BF75 /* Pods-AM Site Solutions.debug.xcconfig */,
				E8E68F1517164991ED47B5FB /* Pods-AM Site Solutions.release.xcconfig */,
			);
			path = Pods;
			sourceTree = "<group>";
		};
		F63957372C883FED00069BA7 /* Main View Controllers */ = {
			isa = PBXGroup;
			children = (
				F63957252C878F4A00069BA7 /* LoginViewController.swift */,
				F63957422C88465A00069BA7 /* CreateNewUserViewController.swift */,
				F639572B2C879DFF00069BA7 /* OperatorViewController.swift */,
				F639572D2C87A03A00069BA7 /* FormViewController.swift */,
				F63957272C8791D600069BA7 /* MainTabBarController.swift */,
				F63957292C8791FC00069BA7 /* SettingsViewController.swift */,
				F63957442C885C0D00069BA7 /* ManageUsersViewController.swift */,
				F63957462C88868300069BA7 /* TimesheetViewController.swift */,
			);
			path = "Main View Controllers";
			sourceTree = "<group>";
		};
		F63957382C88402A00069BA7 /* Form Related Code */ = {
			isa = PBXGroup;
			children = (
				F63957352C87A0CB00069BA7 /* CustomRadioButton.swift */,
				F63957332C87A0A400069BA7 /* OkNotOkView.swift */,
				F63957312C87A08400069BA7 /* InputQuestionView.swift */,
				F69AAA3E2C8785550082A14E /* FormCell.swift */,
				F69AAA3C2C8785010082A14E /* Form.swift */,
				F63957482C88D82C00069BA7 /* TimesheetEntryCell.swift */,
			);
			path = "Form Related Code";
			sourceTree = "<group>";
		};
		F63957392C88406500069BA7 /* Utilities and Reusables */ = {
			isa = PBXGroup;
			children = (
				F69AAA402C8785930082A14E /* ColourScheme.swift */,
				F639572F2C87A05D00069BA7 /* CustomButton.swift */,
				F639573E2C8843B700069BA7 /* CustomTextField.swift */,
				F63957402C88442000069BA7 /* CustomPickerView.swift */,
			);
			name = "Utilities and Reusables";
			path = ..;
			sourceTree = "<group>";
		};
		F69AAA1A2C87844C0082A14E = {
			isa = PBXGroup;
			children = (
				F69AAA252C87844D0082A14E /* AM Site Solutions */,
				F69AAA242C87844D0082A14E /* Products */,
				8DE939F8EEACD4A6710769DD /* Pods */,
				3B9280925AB3B276F9DCE417 /* Frameworks */,
			);
			sourceTree = "<group>";
		};
		F69AAA242C87844D0082A14E /* Products */ = {
			isa = PBXGroup;
			children = (
				F69AAA232C87844D0082A14E /* AM Site Solutions.app */,
			);
			name = Products;
			sourceTree = "<group>";
		};
		F69AAA252C87844D0082A14E /* AM Site Solutions */ = {
			isa = PBXGroup;
			children = (
				F665F99D2CAC3AE50021BA3D /* AM Site Solutions.entitlements */,
				F63957372C883FED00069BA7 /* Main View Controllers */,
				F63957382C88402A00069BA7 /* Form Related Code */,
				F63957392C88406500069BA7 /* Utilities and Reusables */,
				F69AAA262C87844D0082A14E /* AppDelegate.swift */,
				F69AAA3A2C8784D20082A14E /* OperatorVC.swift */,
				F69AAA282C87844D0082A14E /* SceneDelegate.swift */,
				F69AAA2A2C87844D0082A14E /* ViewController.swift */,
				F69AAA2C2C87844D0082A14E /* Main.storyboard */,
				F69AAA2F2C87844F0082A14E /* Assets.xcassets */,
				F69AAA312C87844F0082A14E /* LaunchScreen.storyboard */,
				F69AAA342C87844F0082A14E /* Info.plist */,
				F665F9A22CAD83BA0021BA3D /* GoogleService-Info.plist */,
			);
			path = "AM Site Solutions";
			sourceTree = "<group>";
		};
/* End PBXGroup section */

/* Begin PBXNativeTarget section */
		F69AAA222C87844D0082A14E /* AM Site Solutions */ = {
			isa = PBXNativeTarget;
			buildConfigurationList = F69AAA372C87844F0082A14E /* Build configuration list for PBXNativeTarget "AM Site Solutions" */;
			buildPhases = (
				E23F96028B6E7FD64DD7052B /* [CP] Check Pods Manifest.lock */,
				F69AAA1F2C87844D0082A14E /* Sources */,
				F69AAA202C87844D0082A14E /* Frameworks */,
				F69AAA212C87844D0082A14E /* Resources */,
				055A28F71D43F2928EED08DF /* [CP] Embed Pods Frameworks */,
			);
			buildRules = (
			);
			dependencies = (
			);
			name = "AM Site Solutions";
			productName = "AM Site Solutions";
			productReference = F69AAA232C87844D0082A14E /* AM Site Solutions.app */;
			productType = "com.apple.product-type.application";
		};
/* End PBXNativeTarget section */

/* Begin PBXProject section */
		F69AAA1B2C87844C0082A14E /* Project object */ = {
			isa = PBXProject;
			attributes = {
				BuildIndependentTargetsInParallel = 1;
				LastSwiftUpdateCheck = 1540;
				LastUpgradeCheck = 1540;
				TargetAttributes = {
					F69AAA222C87844D0082A14E = {
						CreatedOnToolsVersion = 15.4;
					};
				};
			};
			buildConfigurationList = F69AAA1E2C87844C0082A14E /* Build configuration list for PBXProject "AM Site Solutions" */;
			compatibilityVersion = "Xcode 14.0";
			developmentRegion = en;
			hasScannedForEncodings = 0;
			knownRegions = (
				en,
				Base,
			);
			mainGroup = F69AAA1A2C87844C0082A14E;
			productRefGroup = F69AAA242C87844D0082A14E /* Products */;
			projectDirPath = "";
			projectRoot = "";
			targets = (
				F69AAA222C87844D0082A14E /* AM Site Solutions */,
			);
		};
/* End PBXProject section */

/* Begin PBXResourcesBuildPhase section */
		F69AAA212C87844D0082A14E /* Resources */ = {
			isa = PBXResourcesBuildPhase;
			buildActionMask = 2147483647;
			files = (
				F69AAA302C87844F0082A14E /* Assets.xcassets in Resources */,
				F665F9A32CAD83BA0021BA3D /* GoogleService-Info.plist in Resources */,
				F69AAA332C87844F0082A14E /* Base in Resources */,
				F69AAA2E2C87844D0082A14E /* Base in Resources */,
			);
			runOnlyForDeploymentPostprocessing = 0;
		};
/* End PBXResourcesBuildPhase section */

/* Begin PBXShellScriptBuildPhase section */
		055A28F71D43F2928EED08DF /* [CP] Embed Pods Frameworks */ = {
			isa = PBXShellScriptBuildPhase;
			buildActionMask = 2147483647;
			files = (
			);
			inputFileListPaths = (
				"${PODS_ROOT}/Target Support Files/Pods-AM Site Solutions/Pods-AM Site Solutions-frameworks-${CONFIGURATION}-input-files.xcfilelist",
			);
			name = "[CP] Embed Pods Frameworks";
			outputFileListPaths = (
				"${PODS_ROOT}/Target Support Files/Pods-AM Site Solutions/Pods-AM Site Solutions-frameworks-${CONFIGURATION}-output-files.xcfilelist",
			);
			runOnlyForDeploymentPostprocessing = 0;
			shellPath = /bin/sh;
			shellScript = "\"${PODS_ROOT}/Target Support Files/Pods-AM Site Solutions/Pods-AM Site Solutions-frameworks.sh\"\n";
			showEnvVarsInLog = 0;
		};
		E23F96028B6E7FD64DD7052B /* [CP] Check Pods Manifest.lock */ = {
			isa = PBXShellScriptBuildPhase;
			buildActionMask = 2147483647;
			files = (
			);
			inputFileListPaths = (
			);
			inputPaths = (
				"${PODS_PODFILE_DIR_PATH}/Podfile.lock",
				"${PODS_ROOT}/Manifest.lock",
			);
			name = "[CP] Check Pods Manifest.lock";
			outputFileListPaths = (
			);
			outputPaths = (
				"$(DERIVED_FILE_DIR)/Pods-AM Site Solutions-checkManifestLockResult.txt",
			);
			runOnlyForDeploymentPostprocessing = 0;
			shellPath = /bin/sh;
			shellScript = "diff \"${PODS_PODFILE_DIR_PATH}/Podfile.lock\" \"${PODS_ROOT}/Manifest.lock\" > /dev/null\nif [ $? != 0 ] ; then\n    # print error to STDERR\n    echo \"error: The sandbox is not in sync with the Podfile.lock. Run 'pod install' or update your CocoaPods installation.\" >&2\n    exit 1\nfi\n# This output is used by Xcode 'outputs' to avoid re-running this script phase.\necho \"SUCCESS\" > \"${SCRIPT_OUTPUT_FILE_0}\"\n";
			showEnvVarsInLog = 0;
		};
/* End PBXShellScriptBuildPhase section */

/* Begin PBXSourcesBuildPhase section */
		F69AAA1F2C87844D0082A14E /* Sources */ = {
			isa = PBXSourcesBuildPhase;
			buildActionMask = 2147483647;
			files = (
				F63957452C885C0E00069BA7 /* ManageUsersViewController.swift in Sources */,
				F63957302C87A05D00069BA7 /* CustomButton.swift in Sources */,
				F69AAA3B2C8784D20082A14E /* OperatorVC.swift in Sources */,
				F69AAA3F2C8785550082A14E /* FormCell.swift in Sources */,
				F63957342C87A0A400069BA7 /* OkNotOkView.swift in Sources */,
				F63957492C88D82C00069BA7 /* TimesheetEntryCell.swift in Sources */,
				F63957322C87A08400069BA7 /* InputQuestionView.swift in Sources */,
				F63957282C8791D600069BA7 /* MainTabBarController.swift in Sources */,
				F639572A2C8791FC00069BA7 /* SettingsViewController.swift in Sources */,
				F63957472C88868300069BA7 /* TimesheetViewController.swift in Sources */,
				F69AAA2B2C87844D0082A14E /* ViewController.swift in Sources */,
				F639573F2C8843B700069BA7 /* CustomTextField.swift in Sources */,
				F63957362C87A0CB00069BA7 /* CustomRadioButton.swift in Sources */,
				F639572C2C879DFF00069BA7 /* OperatorViewController.swift in Sources */,
				F639572E2C87A03A00069BA7 /* FormViewController.swift in Sources */,
				F69AAA3D2C8785010082A14E /* Form.swift in Sources */,
				F63957432C88465A00069BA7 /* CreateNewUserViewController.swift in Sources */,
				F63957262C878F4A00069BA7 /* LoginViewController.swift in Sources */,
				F69AAA272C87844D0082A14E /* AppDelegate.swift in Sources */,
				F63957412C88442000069BA7 /* CustomPickerView.swift in Sources */,
				F69AAA412C8785930082A14E /* ColourScheme.swift in Sources */,
				F69AAA292C87844D0082A14E /* SceneDelegate.swift in Sources */,
			);
			runOnlyForDeploymentPostprocessing = 0;
		};
/* End PBXSourcesBuildPhase section */

/* Begin PBXVariantGroup section */
		F69AAA2C2C87844D0082A14E /* Main.storyboard */ = {
			isa = PBXVariantGroup;
			children = (
				F69AAA2D2C87844D0082A14E /* Base */,
			);
			name = Main.storyboard;
			sourceTree = "<group>";
		};
		F69AAA312C87844F0082A14E /* LaunchScreen.storyboard */ = {
			isa = PBXVariantGroup;
			children = (
				F69AAA322C87844F0082A14E /* Base */,
			);
			name = LaunchScreen.storyboard;
			sourceTree = "<group>";
		};
/* End PBXVariantGroup section */

/* Begin XCBuildConfiguration section */
		F69AAA352C87844F0082A14E /* Debug */ = {
			isa = XCBuildConfiguration;
			buildSettings = {
				ALWAYS_SEARCH_USER_PATHS = NO;
				ASSETCATALOG_COMPILER_GENERATE_SWIFT_ASSET_SYMBOL_EXTENSIONS = YES;
				CLANG_ANALYZER_NONNULL = YES;
				CLANG_ANALYZER_NUMBER_OBJECT_CONVERSION = YES_AGGRESSIVE;
				CLANG_CXX_LANGUAGE_STANDARD = "gnu++20";
				CLANG_ENABLE_MODULES = YES;
				CLANG_ENABLE_OBJC_ARC = YES;
				CLANG_ENABLE_OBJC_WEAK = YES;
				CLANG_WARN_BLOCK_CAPTURE_AUTORELEASING = YES;
				CLANG_WARN_BOOL_CONVERSION = YES;
				CLANG_WARN_COMMA = YES;
				CLANG_WARN_CONSTANT_CONVERSION = YES;
				CLANG_WARN_DEPRECATED_OBJC_IMPLEMENTATIONS = YES;
				CLANG_WARN_DIRECT_OBJC_ISA_USAGE = YES_ERROR;
				CLANG_WARN_DOCUMENTATION_COMMENTS = YES;
				CLANG_WARN_EMPTY_BODY = YES;
				CLANG_WARN_ENUM_CONVERSION = YES;
				CLANG_WARN_INFINITE_RECURSION = YES;
				CLANG_WARN_INT_CONVERSION = YES;
				CLANG_WARN_NON_LITERAL_NULL_CONVERSION = YES;
				CLANG_WARN_OBJC_IMPLICIT_RETAIN_SELF = YES;
				CLANG_WARN_OBJC_LITERAL_CONVERSION = YES;
				CLANG_WARN_OBJC_ROOT_CLASS = YES_ERROR;
				CLANG_WARN_QUOTED_INCLUDE_IN_FRAMEWORK_HEADER = YES;
				CLANG_WARN_RANGE_LOOP_ANALYSIS = YES;
				CLANG_WARN_STRICT_PROTOTYPES = YES;
				CLANG_WARN_SUSPICIOUS_MOVE = YES;
				CLANG_WARN_UNGUARDED_AVAILABILITY = YES_AGGRESSIVE;
				CLANG_WARN_UNREACHABLE_CODE = YES;
				CLANG_WARN__DUPLICATE_METHOD_MATCH = YES;
				COPY_PHASE_STRIP = NO;
				DEBUG_INFORMATION_FORMAT = dwarf;
				ENABLE_STRICT_OBJC_MSGSEND = YES;
				ENABLE_TESTABILITY = YES;
				ENABLE_USER_SCRIPT_SANDBOXING = YES;
				GCC_C_LANGUAGE_STANDARD = gnu17;
				GCC_DYNAMIC_NO_PIC = NO;
				GCC_NO_COMMON_BLOCKS = YES;
				GCC_OPTIMIZATION_LEVEL = 0;
				GCC_PREPROCESSOR_DEFINITIONS = (
					"DEBUG=1",
					"$(inherited)",
				);
				GCC_WARN_64_TO_32_BIT_CONVERSION = YES;
				GCC_WARN_ABOUT_RETURN_TYPE = YES_ERROR;
				GCC_WARN_UNDECLARED_SELECTOR = YES;
				GCC_WARN_UNINITIALIZED_AUTOS = YES_AGGRESSIVE;
				GCC_WARN_UNUSED_FUNCTION = YES;
				GCC_WARN_UNUSED_VARIABLE = YES;
				IPHONEOS_DEPLOYMENT_TARGET = 17.5;
				LOCALIZATION_PREFERS_STRING_CATALOGS = YES;
				MTL_ENABLE_DEBUG_INFO = INCLUDE_SOURCE;
				MTL_FAST_MATH = YES;
				ONLY_ACTIVE_ARCH = YES;
				SDKROOT = iphoneos;
				SWIFT_ACTIVE_COMPILATION_CONDITIONS = "DEBUG $(inherited)";
				SWIFT_OPTIMIZATION_LEVEL = "-Onone";
			};
			name = Debug;
		};
		F69AAA362C87844F0082A14E /* Release */ = {
			isa = XCBuildConfiguration;
			buildSettings = {
				ALWAYS_SEARCH_USER_PATHS = NO;
				ASSETCATALOG_COMPILER_GENERATE_SWIFT_ASSET_SYMBOL_EXTENSIONS = YES;
				CLANG_ANALYZER_NONNULL = YES;
				CLANG_ANALYZER_NUMBER_OBJECT_CONVERSION = YES_AGGRESSIVE;
				CLANG_CXX_LANGUAGE_STANDARD = "gnu++20";
				CLANG_ENABLE_MODULES = YES;
				CLANG_ENABLE_OBJC_ARC = YES;
				CLANG_ENABLE_OBJC_WEAK = YES;
				CLANG_WARN_BLOCK_CAPTURE_AUTORELEASING = YES;
				CLANG_WARN_BOOL_CONVERSION = YES;
				CLANG_WARN_COMMA = YES;
				CLANG_WARN_CONSTANT_CONVERSION = YES;
				CLANG_WARN_DEPRECATED_OBJC_IMPLEMENTATIONS = YES;
				CLANG_WARN_DIRECT_OBJC_ISA_USAGE = YES_ERROR;
				CLANG_WARN_DOCUMENTATION_COMMENTS = YES;
				CLANG_WARN_EMPTY_BODY = YES;
				CLANG_WARN_ENUM_CONVERSION = YES;
				CLANG_WARN_INFINITE_RECURSION = YES;
				CLANG_WARN_INT_CONVERSION = YES;
				CLANG_WARN_NON_LITERAL_NULL_CONVERSION = YES;
				CLANG_WARN_OBJC_IMPLICIT_RETAIN_SELF = YES;
				CLANG_WARN_OBJC_LITERAL_CONVERSION = YES;
				CLANG_WARN_OBJC_ROOT_CLASS = YES_ERROR;
				CLANG_WARN_QUOTED_INCLUDE_IN_FRAMEWORK_HEADER = YES;
				CLANG_WARN_RANGE_LOOP_ANALYSIS = YES;
				CLANG_WARN_STRICT_PROTOTYPES = YES;
				CLANG_WARN_SUSPICIOUS_MOVE = YES;
				CLANG_WARN_UNGUARDED_AVAILABILITY = YES_AGGRESSIVE;
				CLANG_WARN_UNREACHABLE_CODE = YES;
				CLANG_WARN__DUPLICATE_METHOD_MATCH = YES;
				COPY_PHASE_STRIP = NO;
				DEBUG_INFORMATION_FORMAT = "dwarf-with-dsym";
				ENABLE_NS_ASSERTIONS = NO;
				ENABLE_STRICT_OBJC_MSGSEND = YES;
				ENABLE_USER_SCRIPT_SANDBOXING = YES;
				GCC_C_LANGUAGE_STANDARD = gnu17;
				GCC_NO_COMMON_BLOCKS = YES;
				GCC_WARN_64_TO_32_BIT_CONVERSION = YES;
				GCC_WARN_ABOUT_RETURN_TYPE = YES_ERROR;
				GCC_WARN_UNDECLARED_SELECTOR = YES;
				GCC_WARN_UNINITIALIZED_AUTOS = YES_AGGRESSIVE;
				GCC_WARN_UNUSED_FUNCTION = YES;
				GCC_WARN_UNUSED_VARIABLE = YES;
				IPHONEOS_DEPLOYMENT_TARGET = 17.5;
				LOCALIZATION_PREFERS_STRING_CATALOGS = YES;
				MTL_ENABLE_DEBUG_INFO = NO;
				MTL_FAST_MATH = YES;
				SDKROOT = iphoneos;
				SWIFT_COMPILATION_MODE = wholemodule;
				VALIDATE_PRODUCT = YES;
			};
			name = Release;
		};
		F69AAA382C87844F0082A14E /* Debug */ = {
			isa = XCBuildConfiguration;
			baseConfigurationReference = B1A663A2FA9FA222D6B3BF75 /* Pods-AM Site Solutions.debug.xcconfig */;
			buildSettings = {
				ASSETCATALOG_COMPILER_APPICON_NAME = AppIcon;
				ASSETCATALOG_COMPILER_GLOBAL_ACCENT_COLOR_NAME = AccentColor;
				CODE_SIGN_ENTITLEMENTS = "AM Site Solutions/AM Site Solutions.entitlements";
				CODE_SIGN_STYLE = Automatic;
				CURRENT_PROJECT_VERSION = 11;
				DEVELOPMENT_TEAM = L6NR8J48K3;
				ENABLE_USER_SCRIPT_SANDBOXING = NO;
				GENERATE_INFOPLIST_FILE = YES;
				INFOPLIST_FILE = "AM Site Solutions/Info.plist";
				INFOPLIST_KEY_CFBundleDisplayName = "AM Site Solutions";
				INFOPLIST_KEY_LSApplicationCategoryType = "public.app-category.business";
				INFOPLIST_KEY_NSCameraUsageDescription = "We need your permission to take photographs to add to your reports.";
				INFOPLIST_KEY_NSLocationWhenInUseUsageDescription = "We need your permission to share your location for both Timesheets and GA2 Forms.";
				INFOPLIST_KEY_UIApplicationSupportsIndirectInputEvents = YES;
				INFOPLIST_KEY_UILaunchStoryboardName = LaunchScreen;
				INFOPLIST_KEY_UIMainStoryboardFile = Main;
				INFOPLIST_KEY_UIRequiresFullScreen = YES;
				INFOPLIST_KEY_UIStatusBarHidden = NO;
				INFOPLIST_KEY_UIStatusBarStyle = UIStatusBarStyleLightContent;
				INFOPLIST_KEY_UISupportedInterfaceOrientations_iPad = "UIInterfaceOrientationPortrait UIInterfaceOrientationPortraitUpsideDown UIInterfaceOrientationLandscapeLeft UIInterfaceOrientationLandscapeRight";
				INFOPLIST_KEY_UISupportedInterfaceOrientations_iPhone = "UIInterfaceOrientationPortrait UIInterfaceOrientationLandscapeLeft UIInterfaceOrientationLandscapeRight";
				IPHONEOS_DEPLOYMENT_TARGET = 15.0;
				LD_RUNPATH_SEARCH_PATHS = (
					"$(inherited)",
					"@executable_path/Frameworks",
				);
				MARKETING_VERSION = 1.0;
				PRODUCT_BUNDLE_IDENTIFIER = "com.salzburg101.AM-Site-Solutions";
				PRODUCT_NAME = "$(TARGET_NAME)";
				SUPPORTED_PLATFORMS = "iphoneos iphonesimulator";
				SUPPORTS_MACCATALYST = NO;
				SUPPORTS_MAC_DESIGNED_FOR_IPHONE_IPAD = NO;
				SUPPORTS_XR_DESIGNED_FOR_IPHONE_IPAD = NO;
				SWIFT_EMIT_LOC_STRINGS = YES;
				SWIFT_VERSION = 5.0;
				TARGETED_DEVICE_FAMILY = 1;
			};
			name = Debug;
		};
		F69AAA392C87844F0082A14E /* Release */ = {
			isa = XCBuildConfiguration;
			baseConfigurationReference = E8E68F1517164991ED47B5FB /* Pods-AM Site Solutions.release.xcconfig */;
			buildSettings = {
				ASSETCATALOG_COMPILER_APPICON_NAME = AppIcon;
				ASSETCATALOG_COMPILER_GLOBAL_ACCENT_COLOR_NAME = AccentColor;
				CODE_SIGN_ENTITLEMENTS = "AM Site Solutions/AM Site Solutions.entitlements";
				CODE_SIGN_STYLE = Automatic;
				CURRENT_PROJECT_VERSION = 11;
				DEVELOPMENT_TEAM = L6NR8J48K3;
				ENABLE_USER_SCRIPT_SANDBOXING = NO;
				GENERATE_INFOPLIST_FILE = YES;
				INFOPLIST_FILE = "AM Site Solutions/Info.plist";
				INFOPLIST_KEY_CFBundleDisplayName = "AM Site Solutions";
				INFOPLIST_KEY_LSApplicationCategoryType = "public.app-category.business";
				INFOPLIST_KEY_NSCameraUsageDescription = "We need your permission to take photographs to add to your reports.";
				INFOPLIST_KEY_NSLocationWhenInUseUsageDescription = "We need your permission to share your location for both Timesheets and GA2 Forms.";
				INFOPLIST_KEY_UIApplicationSupportsIndirectInputEvents = YES;
				INFOPLIST_KEY_UILaunchStoryboardName = LaunchScreen;
				INFOPLIST_KEY_UIMainStoryboardFile = Main;
				INFOPLIST_KEY_UIRequiresFullScreen = YES;
				INFOPLIST_KEY_UIStatusBarHidden = NO;
				INFOPLIST_KEY_UIStatusBarStyle = UIStatusBarStyleLightContent;
				INFOPLIST_KEY_UISupportedInterfaceOrientations_iPad = "UIInterfaceOrientationPortrait UIInterfaceOrientationPortraitUpsideDown UIInterfaceOrientationLandscapeLeft UIInterfaceOrientationLandscapeRight";
				INFOPLIST_KEY_UISupportedInterfaceOrientations_iPhone = "UIInterfaceOrientationPortrait UIInterfaceOrientationLandscapeLeft UIInterfaceOrientationLandscapeRight";
				IPHONEOS_DEPLOYMENT_TARGET = 15.0;
				LD_RUNPATH_SEARCH_PATHS = (
					"$(inherited)",
					"@executable_path/Frameworks",
				);
				MARKETING_VERSION = 1.0;
				PRODUCT_BUNDLE_IDENTIFIER = "com.salzburg101.AM-Site-Solutions";
				PRODUCT_NAME = "$(TARGET_NAME)";
				SUPPORTED_PLATFORMS = "iphoneos iphonesimulator";
				SUPPORTS_MACCATALYST = NO;
				SUPPORTS_MAC_DESIGNED_FOR_IPHONE_IPAD = NO;
				SUPPORTS_XR_DESIGNED_FOR_IPHONE_IPAD = NO;
				SWIFT_EMIT_LOC_STRINGS = YES;
				SWIFT_VERSION = 5.0;
				TARGETED_DEVICE_FAMILY = 1;
			};
			name = Release;
		};
/* End XCBuildConfiguration section */

/* Begin XCConfigurationList section */
		F69AAA1E2C87844C0082A14E /* Build configuration list for PBXProject "AM Site Solutions" */ = {
			isa = XCConfigurationList;
			buildConfigurations = (
				F69AAA352C87844F0082A14E /* Debug */,
				F69AAA362C87844F0082A14E /* Release */,
			);
			defaultConfigurationIsVisible = 0;
			defaultConfigurationName = Release;
		};
		F69AAA372C87844F0082A14E /* Build configuration list for PBXNativeTarget "AM Site Solutions" */ = {
			isa = XCConfigurationList;
			buildConfigurations = (
				F69AAA382C87844F0082A14E /* Debug */,
				F69AAA392C87844F0082A14E /* Release */,
			);
			defaultConfigurationIsVisible = 0;
			defaultConfigurationName = Release;
		};
/* End XCConfigurationList section */
	};
	rootObject = F69AAA1B2C87844C0082A14E /* Project object */;
}
